// !$*UTF8*$!
{
	archiveVersion = 1;
	classes = {
	};
	objectVersion = 50;
	objects = {

/* Begin PBXBuildFile section */
		33E62FC76BD15A5C3A5EAB0A /* Pods_PersonsControl_IOSTests.framework in Frameworks */ = {isa = PBXBuildFile; fileRef = 75230B217E55B93456637F45 /* Pods_PersonsControl_IOSTests.framework */; };
		CC04DFDDC02AB864417E4C2F /* Pods_PersonsControl_IOSUITests.framework in Frameworks */ = {isa = PBXBuildFile; fileRef = 7528AB187049E5D07CCBE8C7 /* Pods_PersonsControl_IOSUITests.framework */; };
		CFD23254C54ABC12C6DFEFE6 /* Pods_PersonsControl_IOS.framework in Frameworks */ = {isa = PBXBuildFile; fileRef = 6EE7A9DAF040576B5D5A4CDB /* Pods_PersonsControl_IOS.framework */; };
		F40AE0612143202700766EF5 /* Roles.swift in Sources */ = {isa = PBXBuildFile; fileRef = F40AE05D2143202700766EF5 /* Roles.swift */; };
		F40AE0622143202700766EF5 /* Logins.swift in Sources */ = {isa = PBXBuildFile; fileRef = F40AE05E2143202700766EF5 /* Logins.swift */; };
		F40AE0632143202700766EF5 /* Data.swift in Sources */ = {isa = PBXBuildFile; fileRef = F40AE05F2143202700766EF5 /* Data.swift */; };
		F40AE0642143202700766EF5 /* SignIn_Base.swift in Sources */ = {isa = PBXBuildFile; fileRef = F40AE0602143202700766EF5 /* SignIn_Base.swift */; };
		F40AE0662143F6B200766EF5 /* User.swift in Sources */ = {isa = PBXBuildFile; fileRef = F40AE0652143F6B200766EF5 /* User.swift */; };
		F415C0D72123176500F30D66 /* ProfileVC.swift in Sources */ = {isa = PBXBuildFile; fileRef = F415C0D62123176500F30D66 /* ProfileVC.swift */; };
		F415C0D9212317B700F30D66 /* SingletonManager.swift in Sources */ = {isa = PBXBuildFile; fileRef = F415C0D8212317B700F30D66 /* SingletonManager.swift */; };
		F418B297216CD5080089475C /* GroupDetailVC.swift in Sources */ = {isa = PBXBuildFile; fileRef = F418B296216CD5080089475C /* GroupDetailVC.swift */; };
		F418B299216CE8F00089475C /* ProjectDetailVC.swift in Sources */ = {isa = PBXBuildFile; fileRef = F418B298216CE8F00089475C /* ProjectDetailVC.swift */; };
		F418B29D216D47430089475C /* SupportUser_Base.swift in Sources */ = {isa = PBXBuildFile; fileRef = F418B29B216D47430089475C /* SupportUser_Base.swift */; };
		F418B2A0216D47E00089475C /* UserSupport.swift in Sources */ = {isa = PBXBuildFile; fileRef = F418B29F216D47DF0089475C /* UserSupport.swift */; };
		F418B2A3216E22840089475C /* SupportTask_Base.swift in Sources */ = {isa = PBXBuildFile; fileRef = F418B2A1216E22830089475C /* SupportTask_Base.swift */; };
		F418B2A4216E22840089475C /* TaskComplete.swift in Sources */ = {isa = PBXBuildFile; fileRef = F418B2A2216E22840089475C /* TaskComplete.swift */; };
		F4219F69216B4DBE007288AC /* MyTaskDetailVC.swift in Sources */ = {isa = PBXBuildFile; fileRef = F4219F68216B4DBD007288AC /* MyTaskDetailVC.swift */; };
		F4219F6B216B8CF7007288AC /* MyTaskGroupVC.swift in Sources */ = {isa = PBXBuildFile; fileRef = F4219F6A216B8CF7007288AC /* MyTaskGroupVC.swift */; };
		F4219F6D216BADC5007288AC /* MyProjectTaskVC.swift in Sources */ = {isa = PBXBuildFile; fileRef = F4219F6C216BADC5007288AC /* MyProjectTaskVC.swift */; };
		F4219F6F216BBC16007288AC /* MyGroupTaskDetail.swift in Sources */ = {isa = PBXBuildFile; fileRef = F4219F6E216BBC16007288AC /* MyGroupTaskDetail.swift */; };
		F4219F71216BF81B007288AC /* MyProjectTaskDetailVC.swift in Sources */ = {isa = PBXBuildFile; fileRef = F4219F70216BF81B007288AC /* MyProjectTaskDetailVC.swift */; };
		F424BA5F2164D05B00DD753B /* Project_base.swift in Sources */ = {isa = PBXBuildFile; fileRef = F424BA572164D05B00DD753B /* Project_base.swift */; };
		F424BA632164DADE00DD753B /* DataClass.swift in Sources */ = {isa = PBXBuildFile; fileRef = F424BA622164DADE00DD753B /* DataClass.swift */; };
		F424BA652164DAFE00DD753B /* Customer.swift in Sources */ = {isa = PBXBuildFile; fileRef = F424BA642164DAFE00DD753B /* Customer.swift */; };
		F424BA672164DB1700DD753B /* Group_Project.swift in Sources */ = {isa = PBXBuildFile; fileRef = F424BA662164DB1700DD753B /* Group_Project.swift */; };
		F424BA692164DB3000DD753B /* Project.swift in Sources */ = {isa = PBXBuildFile; fileRef = F424BA682164DB3000DD753B /* Project.swift */; };
		F424BA6C2164E2B500DD753B /* UserProject.swift in Sources */ = {isa = PBXBuildFile; fileRef = F424BA6B2164E2B500DD753B /* UserProject.swift */; };
		F424BA6E216510B800DD753B /* ProjectCell.swift in Sources */ = {isa = PBXBuildFile; fileRef = F424BA6D216510B800DD753B /* ProjectCell.swift */; };
		F424BA7D2165593700DD753B /* TasksGroups.swift in Sources */ = {isa = PBXBuildFile; fileRef = F424BA722165593600DD753B /* TasksGroups.swift */; };
		F424BA7E2165593700DD753B /* Tasks_Base.swift in Sources */ = {isa = PBXBuildFile; fileRef = F424BA732165593600DD753B /* Tasks_Base.swift */; };
		F424BA7F2165593700DD753B /* TasksProjects.swift in Sources */ = {isa = PBXBuildFile; fileRef = F424BA742165593600DD753B /* TasksProjects.swift */; };
		F424BA802165593700DD753B /* UserFrom.swift in Sources */ = {isa = PBXBuildFile; fileRef = F424BA752165593600DD753B /* UserFrom.swift */; };
		F424BA812165593700DD753B /* DataTasks.swift in Sources */ = {isa = PBXBuildFile; fileRef = F424BA762165593600DD753B /* DataTasks.swift */; };
		F424BA822165593700DD753B /* TasksPerson.swift in Sources */ = {isa = PBXBuildFile; fileRef = F424BA772165593600DD753B /* TasksPerson.swift */; };
		F424BA842165593700DD753B /* UserTo.swift in Sources */ = {isa = PBXBuildFile; fileRef = F424BA792165593700DD753B /* UserTo.swift */; };
		F424BA8C21656D9000DD753B /* TaskUIPageVC.swift in Sources */ = {isa = PBXBuildFile; fileRef = F424BA8B21656D9000DD753B /* TaskUIPageVC.swift */; };
		F424BA8E21656F1E00DD753B /* UserTaskVC.swift in Sources */ = {isa = PBXBuildFile; fileRef = F424BA8D21656F1E00DD753B /* UserTaskVC.swift */; };
		F424BA9021656F3700DD753B /* GroupTaskVC.swift in Sources */ = {isa = PBXBuildFile; fileRef = F424BA8F21656F3700DD753B /* GroupTaskVC.swift */; };
		F424BA9221656F4A00DD753B /* ProjectTaskVC.swift in Sources */ = {isa = PBXBuildFile; fileRef = F424BA9121656F4A00DD753B /* ProjectTaskVC.swift */; };
		F424BA94216577AC00DD753B /* UserTask.swift in Sources */ = {isa = PBXBuildFile; fileRef = F424BA93216577AC00DD753B /* UserTask.swift */; };
		F424BA96216588D800DD753B /* UserTaskCell.swift in Sources */ = {isa = PBXBuildFile; fileRef = F424BA95216588D800DD753B /* UserTaskCell.swift */; };
		F4449F2A21225F8300EB0600 /* AppDelegate.swift in Sources */ = {isa = PBXBuildFile; fileRef = F4449F2921225F8300EB0600 /* AppDelegate.swift */; };
		F4449F2C21225F8300EB0600 /* LoginVC.swift in Sources */ = {isa = PBXBuildFile; fileRef = F4449F2B21225F8300EB0600 /* LoginVC.swift */; };
		F4449F2F21225F8300EB0600 /* Main.storyboard in Resources */ = {isa = PBXBuildFile; fileRef = F4449F2D21225F8300EB0600 /* Main.storyboard */; };
		F4449F3221225F8300EB0600 /* PersonsControl_IOS.xcdatamodeld in Sources */ = {isa = PBXBuildFile; fileRef = F4449F3021225F8300EB0600 /* PersonsControl_IOS.xcdatamodeld */; };
		F4449F3421225F8600EB0600 /* Assets.xcassets in Resources */ = {isa = PBXBuildFile; fileRef = F4449F3321225F8600EB0600 /* Assets.xcassets */; };
		F4449F3721225F8600EB0600 /* LaunchScreen.storyboard in Resources */ = {isa = PBXBuildFile; fileRef = F4449F3521225F8600EB0600 /* LaunchScreen.storyboard */; };
		F4449F4221225F8600EB0600 /* PersonsControl_IOSTests.swift in Sources */ = {isa = PBXBuildFile; fileRef = F4449F4121225F8600EB0600 /* PersonsControl_IOSTests.swift */; };
		F4449F4D21225F8600EB0600 /* PersonsControl_IOSUITests.swift in Sources */ = {isa = PBXBuildFile; fileRef = F4449F4C21225F8600EB0600 /* PersonsControl_IOSUITests.swift */; };
		F44BFD52214963FB003DBAC9 /* GroupsVC.swift in Sources */ = {isa = PBXBuildFile; fileRef = F44BFD51214963FB003DBAC9 /* GroupsVC.swift */; };
		F44BFD5521496421003DBAC9 /* ProjectsVC.swift in Sources */ = {isa = PBXBuildFile; fileRef = F44BFD5421496421003DBAC9 /* ProjectsVC.swift */; };
		F46CD7802148728E00EC4675 /* RegistrationVC.swift in Sources */ = {isa = PBXBuildFile; fileRef = F46CD77F2148728E00EC4675 /* RegistrationVC.swift */; };
		F478213421400A1C0064E7BC /* NetworkController.swift in Sources */ = {isa = PBXBuildFile; fileRef = F478213321400A1C0064E7BC /* NetworkController.swift */; };
		F49DD3DA215069FA00C982C6 /* GoogleService-Info.plist in Resources */ = {isa = PBXBuildFile; fileRef = F49DD3D9215069F900C982C6 /* GoogleService-Info.plist */; };
		F49DD3DC21506C9800C982C6 /* personscontrol-firebase-crashreporting-g7o5l-95cdbd7177.json in Resources */ = {isa = PBXBuildFile; fileRef = F49DD3DB21506C9800C982C6 /* personscontrol-firebase-crashreporting-g7o5l-95cdbd7177.json */; };
		F4C39E7821661382001DD58B /* GroupTask.swift in Sources */ = {isa = PBXBuildFile; fileRef = F4C39E7721661382001DD58B /* GroupTask.swift */; };
		F4C39E7A21661E28001DD58B /* GroupTaskCell.swift in Sources */ = {isa = PBXBuildFile; fileRef = F4C39E7921661E28001DD58B /* GroupTaskCell.swift */; };
		F4C39E7F21662A2F001DD58B /* ProjectTask.swift in Sources */ = {isa = PBXBuildFile; fileRef = F4C39E7E21662A2F001DD58B /* ProjectTask.swift */; };
		F4C39E8121663306001DD58B /* ProjectTaskCell.swift in Sources */ = {isa = PBXBuildFile; fileRef = F4C39E8021663306001DD58B /* ProjectTaskCell.swift */; };
		F4C39E8E2167CF10001DD58B /* MyTaskVC.swift in Sources */ = {isa = PBXBuildFile; fileRef = F4C39E8D2167CF10001DD58B /* MyTaskVC.swift */; };
		F4C39E942167CFD0001DD58B /* MGSwipeButton.m in Sources */ = {isa = PBXBuildFile; fileRef = F4C39E902167CFD0001DD58B /* MGSwipeButton.m */; };
		F4C39E952167CFD0001DD58B /* MGSwipeTableCell.m in Sources */ = {isa = PBXBuildFile; fileRef = F4C39E932167CFD0001DD58B /* MGSwipeTableCell.m */; };
		F4C39EA221681923001DD58B /* SWRevealViewController.m in Sources */ = {isa = PBXBuildFile; fileRef = F4C39EA121681923001DD58B /* SWRevealViewController.m */; };
		F4C39EA421681E3F001DD58B /* HomePage.swift in Sources */ = {isa = PBXBuildFile; fileRef = F4C39EA321681E3F001DD58B /* HomePage.swift */; };
		F4C39EAA21683469001DD58B /* SettingsVC.swift in Sources */ = {isa = PBXBuildFile; fileRef = F4C39EA921683469001DD58B /* SettingsVC.swift */; };
		F4C39EAC216846C2001DD58B /* MenuVC.swift in Sources */ = {isa = PBXBuildFile; fileRef = F4C39EAB216846C2001DD58B /* MenuVC.swift */; };
		F4DB79C7215E3A7E000C7DB3 /* Groups.swift in Sources */ = {isa = PBXBuildFile; fileRef = F4DB79C1215E3A7D000C7DB3 /* Groups.swift */; };
		F4DB79C8215E3A7E000C7DB3 /* Groups_Base.swift in Sources */ = {isa = PBXBuildFile; fileRef = F4DB79C2215E3A7E000C7DB3 /* Groups_Base.swift */; };
		F4DB79C9215E3A7E000C7DB3 /* Owners.swift in Sources */ = {isa = PBXBuildFile; fileRef = F4DB79C3215E3A7E000C7DB3 /* Owners.swift */; };
		F4DB79CA215E3A7E000C7DB3 /* Groups_model.swift in Sources */ = {isa = PBXBuildFile; fileRef = F4DB79C4215E3A7E000C7DB3 /* Groups_model.swift */; };
		F4DB79CB215E3A7E000C7DB3 /* LoginsGroups.swift in Sources */ = {isa = PBXBuildFile; fileRef = F4DB79C5215E3A7E000C7DB3 /* LoginsGroups.swift */; };
		F4DB79CC215E3A7E000C7DB3 /* RolesGroups.swift in Sources */ = {isa = PBXBuildFile; fileRef = F4DB79C6215E3A7E000C7DB3 /* RolesGroups.swift */; };
		F4DB79CF215E5118000C7DB3 /* UserGroups.swift in Sources */ = {isa = PBXBuildFile; fileRef = F4DB79CE215E5118000C7DB3 /* UserGroups.swift */; };
		F4DB79D9216018A6000C7DB3 /* MoreVC.swift in Sources */ = {isa = PBXBuildFile; fileRef = F4DB79D8216018A6000C7DB3 /* MoreVC.swift */; };
		F4DB79DB21601912000C7DB3 /* GroupCell.swift in Sources */ = {isa = PBXBuildFile; fileRef = F4DB79DA21601912000C7DB3 /* GroupCell.swift */; };
/* End PBXBuildFile section */

/* Begin PBXContainerItemProxy section */
		F4449F3E21225F8600EB0600 /* PBXContainerItemProxy */ = {
			isa = PBXContainerItemProxy;
			containerPortal = F4449F1E21225F8300EB0600 /* Project object */;
			proxyType = 1;
			remoteGlobalIDString = F4449F2521225F8300EB0600;
			remoteInfo = "PersonsControl-IOS";
		};
		F4449F4921225F8600EB0600 /* PBXContainerItemProxy */ = {
			isa = PBXContainerItemProxy;
			containerPortal = F4449F1E21225F8300EB0600 /* Project object */;
			proxyType = 1;
			remoteGlobalIDString = F4449F2521225F8300EB0600;
			remoteInfo = "PersonsControl-IOS";
		};
/* End PBXContainerItemProxy section */

/* Begin PBXFileReference section */
		0CC3B640E4F5DDD44106D546 /* Pods-PersonsControl-IOSUITests.debug.xcconfig */ = {isa = PBXFileReference; includeInIndex = 1; lastKnownFileType = text.xcconfig; name = "Pods-PersonsControl-IOSUITests.debug.xcconfig"; path = "Pods/Target Support Files/Pods-PersonsControl-IOSUITests/Pods-PersonsControl-IOSUITests.debug.xcconfig"; sourceTree = "<group>"; };
		2608A22237878D93EABCF821 /* Pods-PersonsControl-IOS.release.xcconfig */ = {isa = PBXFileReference; includeInIndex = 1; lastKnownFileType = text.xcconfig; name = "Pods-PersonsControl-IOS.release.xcconfig"; path = "Pods/Target Support Files/Pods-PersonsControl-IOS/Pods-PersonsControl-IOS.release.xcconfig"; sourceTree = "<group>"; };
		6EE7A9DAF040576B5D5A4CDB /* Pods_PersonsControl_IOS.framework */ = {isa = PBXFileReference; explicitFileType = wrapper.framework; includeInIndex = 0; path = Pods_PersonsControl_IOS.framework; sourceTree = BUILT_PRODUCTS_DIR; };
		75230B217E55B93456637F45 /* Pods_PersonsControl_IOSTests.framework */ = {isa = PBXFileReference; explicitFileType = wrapper.framework; includeInIndex = 0; path = Pods_PersonsControl_IOSTests.framework; sourceTree = BUILT_PRODUCTS_DIR; };
		7528AB187049E5D07CCBE8C7 /* Pods_PersonsControl_IOSUITests.framework */ = {isa = PBXFileReference; explicitFileType = wrapper.framework; includeInIndex = 0; path = Pods_PersonsControl_IOSUITests.framework; sourceTree = BUILT_PRODUCTS_DIR; };
		A61AF8B7DA6725DE52BF74E9 /* Pods-PersonsControl-IOSUITests.release.xcconfig */ = {isa = PBXFileReference; includeInIndex = 1; lastKnownFileType = text.xcconfig; name = "Pods-PersonsControl-IOSUITests.release.xcconfig"; path = "Pods/Target Support Files/Pods-PersonsControl-IOSUITests/Pods-PersonsControl-IOSUITests.release.xcconfig"; sourceTree = "<group>"; };
		AA36150C59EF71B54F12A48B /* Pods-PersonsControl-IOSTests.release.xcconfig */ = {isa = PBXFileReference; includeInIndex = 1; lastKnownFileType = text.xcconfig; name = "Pods-PersonsControl-IOSTests.release.xcconfig"; path = "Pods/Target Support Files/Pods-PersonsControl-IOSTests/Pods-PersonsControl-IOSTests.release.xcconfig"; sourceTree = "<group>"; };
		D52EB788F187569AFE7A96CF /* Pods-PersonsControl-IOSTests.debug.xcconfig */ = {isa = PBXFileReference; includeInIndex = 1; lastKnownFileType = text.xcconfig; name = "Pods-PersonsControl-IOSTests.debug.xcconfig"; path = "Pods/Target Support Files/Pods-PersonsControl-IOSTests/Pods-PersonsControl-IOSTests.debug.xcconfig"; sourceTree = "<group>"; };
		F40AE05D2143202700766EF5 /* Roles.swift */ = {isa = PBXFileReference; fileEncoding = 4; lastKnownFileType = sourcecode.swift; path = Roles.swift; sourceTree = "<group>"; };
		F40AE05E2143202700766EF5 /* Logins.swift */ = {isa = PBXFileReference; fileEncoding = 4; lastKnownFileType = sourcecode.swift; path = Logins.swift; sourceTree = "<group>"; };
		F40AE05F2143202700766EF5 /* Data.swift */ = {isa = PBXFileReference; fileEncoding = 4; lastKnownFileType = sourcecode.swift; path = Data.swift; sourceTree = "<group>"; };
		F40AE0602143202700766EF5 /* SignIn_Base.swift */ = {isa = PBXFileReference; fileEncoding = 4; lastKnownFileType = sourcecode.swift; path = SignIn_Base.swift; sourceTree = "<group>"; };
		F40AE0652143F6B200766EF5 /* User.swift */ = {isa = PBXFileReference; lastKnownFileType = sourcecode.swift; path = User.swift; sourceTree = "<group>"; };
		F415C0D62123176500F30D66 /* ProfileVC.swift */ = {isa = PBXFileReference; lastKnownFileType = sourcecode.swift; path = ProfileVC.swift; sourceTree = "<group>"; };
		F415C0D8212317B700F30D66 /* SingletonManager.swift */ = {isa = PBXFileReference; lastKnownFileType = sourcecode.swift; path = SingletonManager.swift; sourceTree = "<group>"; };
		F418B296216CD5080089475C /* GroupDetailVC.swift */ = {isa = PBXFileReference; lastKnownFileType = sourcecode.swift; path = GroupDetailVC.swift; sourceTree = "<group>"; };
		F418B298216CE8F00089475C /* ProjectDetailVC.swift */ = {isa = PBXFileReference; lastKnownFileType = sourcecode.swift; path = ProjectDetailVC.swift; sourceTree = "<group>"; };
		F418B29B216D47430089475C /* SupportUser_Base.swift */ = {isa = PBXFileReference; fileEncoding = 4; lastKnownFileType = sourcecode.swift; path = SupportUser_Base.swift; sourceTree = "<group>"; };
		F418B29F216D47DF0089475C /* UserSupport.swift */ = {isa = PBXFileReference; fileEncoding = 4; lastKnownFileType = sourcecode.swift; path = UserSupport.swift; sourceTree = "<group>"; };
		F418B2A1216E22830089475C /* SupportTask_Base.swift */ = {isa = PBXFileReference; fileEncoding = 4; lastKnownFileType = sourcecode.swift; path = SupportTask_Base.swift; sourceTree = "<group>"; };
		F418B2A2216E22840089475C /* TaskComplete.swift */ = {isa = PBXFileReference; fileEncoding = 4; lastKnownFileType = sourcecode.swift; path = TaskComplete.swift; sourceTree = "<group>"; };
		F4219F68216B4DBD007288AC /* MyTaskDetailVC.swift */ = {isa = PBXFileReference; lastKnownFileType = sourcecode.swift; path = MyTaskDetailVC.swift; sourceTree = "<group>"; };
		F4219F6A216B8CF7007288AC /* MyTaskGroupVC.swift */ = {isa = PBXFileReference; lastKnownFileType = sourcecode.swift; path = MyTaskGroupVC.swift; sourceTree = "<group>"; };
		F4219F6C216BADC5007288AC /* MyProjectTaskVC.swift */ = {isa = PBXFileReference; lastKnownFileType = sourcecode.swift; path = MyProjectTaskVC.swift; sourceTree = "<group>"; };
		F4219F6E216BBC16007288AC /* MyGroupTaskDetail.swift */ = {isa = PBXFileReference; lastKnownFileType = sourcecode.swift; path = MyGroupTaskDetail.swift; sourceTree = "<group>"; };
		F4219F70216BF81B007288AC /* MyProjectTaskDetailVC.swift */ = {isa = PBXFileReference; lastKnownFileType = sourcecode.swift; path = MyProjectTaskDetailVC.swift; sourceTree = "<group>"; };
		F424BA572164D05B00DD753B /* Project_base.swift */ = {isa = PBXFileReference; fileEncoding = 4; lastKnownFileType = sourcecode.swift; path = Project_base.swift; sourceTree = "<group>"; };
		F424BA622164DADE00DD753B /* DataClass.swift */ = {isa = PBXFileReference; lastKnownFileType = sourcecode.swift; path = DataClass.swift; sourceTree = "<group>"; };
		F424BA642164DAFE00DD753B /* Customer.swift */ = {isa = PBXFileReference; lastKnownFileType = sourcecode.swift; path = Customer.swift; sourceTree = "<group>"; };
		F424BA662164DB1700DD753B /* Group_Project.swift */ = {isa = PBXFileReference; lastKnownFileType = sourcecode.swift; path = Group_Project.swift; sourceTree = "<group>"; };
		F424BA682164DB3000DD753B /* Project.swift */ = {isa = PBXFileReference; lastKnownFileType = sourcecode.swift; path = Project.swift; sourceTree = "<group>"; };
		F424BA6B2164E2B500DD753B /* UserProject.swift */ = {isa = PBXFileReference; lastKnownFileType = sourcecode.swift; path = UserProject.swift; sourceTree = "<group>"; };
		F424BA6D216510B800DD753B /* ProjectCell.swift */ = {isa = PBXFileReference; lastKnownFileType = sourcecode.swift; path = ProjectCell.swift; sourceTree = "<group>"; };
		F424BA722165593600DD753B /* TasksGroups.swift */ = {isa = PBXFileReference; fileEncoding = 4; lastKnownFileType = sourcecode.swift; path = TasksGroups.swift; sourceTree = "<group>"; };
		F424BA732165593600DD753B /* Tasks_Base.swift */ = {isa = PBXFileReference; fileEncoding = 4; lastKnownFileType = sourcecode.swift; path = Tasks_Base.swift; sourceTree = "<group>"; };
		F424BA742165593600DD753B /* TasksProjects.swift */ = {isa = PBXFileReference; fileEncoding = 4; lastKnownFileType = sourcecode.swift; path = TasksProjects.swift; sourceTree = "<group>"; };
		F424BA752165593600DD753B /* UserFrom.swift */ = {isa = PBXFileReference; fileEncoding = 4; lastKnownFileType = sourcecode.swift; path = UserFrom.swift; sourceTree = "<group>"; };
		F424BA762165593600DD753B /* DataTasks.swift */ = {isa = PBXFileReference; fileEncoding = 4; lastKnownFileType = sourcecode.swift; path = DataTasks.swift; sourceTree = "<group>"; };
		F424BA772165593600DD753B /* TasksPerson.swift */ = {isa = PBXFileReference; fileEncoding = 4; lastKnownFileType = sourcecode.swift; path = TasksPerson.swift; sourceTree = "<group>"; };
		F424BA792165593700DD753B /* UserTo.swift */ = {isa = PBXFileReference; fileEncoding = 4; lastKnownFileType = sourcecode.swift; path = UserTo.swift; sourceTree = "<group>"; };
		F424BA8B21656D9000DD753B /* TaskUIPageVC.swift */ = {isa = PBXFileReference; lastKnownFileType = sourcecode.swift; path = TaskUIPageVC.swift; sourceTree = "<group>"; };
		F424BA8D21656F1E00DD753B /* UserTaskVC.swift */ = {isa = PBXFileReference; lastKnownFileType = sourcecode.swift; path = UserTaskVC.swift; sourceTree = "<group>"; };
		F424BA8F21656F3700DD753B /* GroupTaskVC.swift */ = {isa = PBXFileReference; lastKnownFileType = sourcecode.swift; path = GroupTaskVC.swift; sourceTree = "<group>"; };
		F424BA9121656F4A00DD753B /* ProjectTaskVC.swift */ = {isa = PBXFileReference; lastKnownFileType = sourcecode.swift; path = ProjectTaskVC.swift; sourceTree = "<group>"; };
		F424BA93216577AC00DD753B /* UserTask.swift */ = {isa = PBXFileReference; lastKnownFileType = sourcecode.swift; path = UserTask.swift; sourceTree = "<group>"; };
		F424BA95216588D800DD753B /* UserTaskCell.swift */ = {isa = PBXFileReference; lastKnownFileType = sourcecode.swift; path = UserTaskCell.swift; sourceTree = "<group>"; };
		F4449F2621225F8300EB0600 /* PersonsControl-IOS.app */ = {isa = PBXFileReference; explicitFileType = wrapper.application; includeInIndex = 0; path = "PersonsControl-IOS.app"; sourceTree = BUILT_PRODUCTS_DIR; };
		F4449F2921225F8300EB0600 /* AppDelegate.swift */ = {isa = PBXFileReference; lastKnownFileType = sourcecode.swift; path = AppDelegate.swift; sourceTree = "<group>"; };
		F4449F2B21225F8300EB0600 /* LoginVC.swift */ = {isa = PBXFileReference; lastKnownFileType = sourcecode.swift; path = LoginVC.swift; sourceTree = "<group>"; };
		F4449F2E21225F8300EB0600 /* Base */ = {isa = PBXFileReference; lastKnownFileType = file.storyboard; name = Base; path = Base.lproj/Main.storyboard; sourceTree = "<group>"; };
		F4449F3121225F8300EB0600 /* PersonsControl_IOS.xcdatamodel */ = {isa = PBXFileReference; lastKnownFileType = wrapper.xcdatamodel; path = PersonsControl_IOS.xcdatamodel; sourceTree = "<group>"; };
		F4449F3321225F8600EB0600 /* Assets.xcassets */ = {isa = PBXFileReference; lastKnownFileType = folder.assetcatalog; path = Assets.xcassets; sourceTree = "<group>"; };
		F4449F3621225F8600EB0600 /* Base */ = {isa = PBXFileReference; lastKnownFileType = file.storyboard; name = Base; path = Base.lproj/LaunchScreen.storyboard; sourceTree = "<group>"; };
		F4449F3821225F8600EB0600 /* Info.plist */ = {isa = PBXFileReference; lastKnownFileType = text.plist.xml; path = Info.plist; sourceTree = "<group>"; };
		F4449F3D21225F8600EB0600 /* PersonsControl-IOSTests.xctest */ = {isa = PBXFileReference; explicitFileType = wrapper.cfbundle; includeInIndex = 0; path = "PersonsControl-IOSTests.xctest"; sourceTree = BUILT_PRODUCTS_DIR; };
		F4449F4121225F8600EB0600 /* PersonsControl_IOSTests.swift */ = {isa = PBXFileReference; lastKnownFileType = sourcecode.swift; path = PersonsControl_IOSTests.swift; sourceTree = "<group>"; };
		F4449F4321225F8600EB0600 /* Info.plist */ = {isa = PBXFileReference; lastKnownFileType = text.plist.xml; path = Info.plist; sourceTree = "<group>"; };
		F4449F4821225F8600EB0600 /* PersonsControl-IOSUITests.xctest */ = {isa = PBXFileReference; explicitFileType = wrapper.cfbundle; includeInIndex = 0; path = "PersonsControl-IOSUITests.xctest"; sourceTree = BUILT_PRODUCTS_DIR; };
		F4449F4C21225F8600EB0600 /* PersonsControl_IOSUITests.swift */ = {isa = PBXFileReference; lastKnownFileType = sourcecode.swift; path = PersonsControl_IOSUITests.swift; sourceTree = "<group>"; };
		F4449F4E21225F8600EB0600 /* Info.plist */ = {isa = PBXFileReference; lastKnownFileType = text.plist.xml; path = Info.plist; sourceTree = "<group>"; };
		F44BFD51214963FB003DBAC9 /* GroupsVC.swift */ = {isa = PBXFileReference; lastKnownFileType = sourcecode.swift; path = GroupsVC.swift; sourceTree = "<group>"; };
		F44BFD5421496421003DBAC9 /* ProjectsVC.swift */ = {isa = PBXFileReference; lastKnownFileType = sourcecode.swift; path = ProjectsVC.swift; sourceTree = "<group>"; };
		F46CD77F2148728E00EC4675 /* RegistrationVC.swift */ = {isa = PBXFileReference; lastKnownFileType = sourcecode.swift; path = RegistrationVC.swift; sourceTree = "<group>"; };
		F478213321400A1C0064E7BC /* NetworkController.swift */ = {isa = PBXFileReference; lastKnownFileType = sourcecode.swift; path = NetworkController.swift; sourceTree = "<group>"; };
		F49DD3D9215069F900C982C6 /* GoogleService-Info.plist */ = {isa = PBXFileReference; fileEncoding = 4; lastKnownFileType = text.plist.xml; path = "GoogleService-Info.plist"; sourceTree = "<group>"; };
		F49DD3DB21506C9800C982C6 /* personscontrol-firebase-crashreporting-g7o5l-95cdbd7177.json */ = {isa = PBXFileReference; fileEncoding = 4; lastKnownFileType = text.json; path = "personscontrol-firebase-crashreporting-g7o5l-95cdbd7177.json"; sourceTree = "<group>"; };
		F4C39E7721661382001DD58B /* GroupTask.swift */ = {isa = PBXFileReference; lastKnownFileType = sourcecode.swift; path = GroupTask.swift; sourceTree = "<group>"; };
		F4C39E7921661E28001DD58B /* GroupTaskCell.swift */ = {isa = PBXFileReference; lastKnownFileType = sourcecode.swift; path = GroupTaskCell.swift; sourceTree = "<group>"; };
		F4C39E7E21662A2F001DD58B /* ProjectTask.swift */ = {isa = PBXFileReference; lastKnownFileType = sourcecode.swift; path = ProjectTask.swift; sourceTree = "<group>"; };
		F4C39E8021663306001DD58B /* ProjectTaskCell.swift */ = {isa = PBXFileReference; lastKnownFileType = sourcecode.swift; path = ProjectTaskCell.swift; sourceTree = "<group>"; };
		F4C39E892167CD3C001DD58B /* PersonsControl-IOS-Bridging-Header.h */ = {isa = PBXFileReference; lastKnownFileType = sourcecode.c.h; path = "PersonsControl-IOS-Bridging-Header.h"; sourceTree = "<group>"; };
		F4C39E8D2167CF10001DD58B /* MyTaskVC.swift */ = {isa = PBXFileReference; lastKnownFileType = sourcecode.swift; path = MyTaskVC.swift; sourceTree = "<group>"; };
		F4C39E902167CFD0001DD58B /* MGSwipeButton.m */ = {isa = PBXFileReference; fileEncoding = 4; lastKnownFileType = sourcecode.c.objc; path = MGSwipeButton.m; sourceTree = "<group>"; };
		F4C39E912167CFD0001DD58B /* MGSwipeButton.h */ = {isa = PBXFileReference; fileEncoding = 4; lastKnownFileType = sourcecode.c.h; path = MGSwipeButton.h; sourceTree = "<group>"; };
		F4C39E922167CFD0001DD58B /* MGSwipeTableCell.h */ = {isa = PBXFileReference; fileEncoding = 4; lastKnownFileType = sourcecode.c.h; path = MGSwipeTableCell.h; sourceTree = "<group>"; };
		F4C39E932167CFD0001DD58B /* MGSwipeTableCell.m */ = {isa = PBXFileReference; fileEncoding = 4; lastKnownFileType = sourcecode.c.objc; path = MGSwipeTableCell.m; sourceTree = "<group>"; };
		F4C39EA021681922001DD58B /* SWRevealViewController.h */ = {isa = PBXFileReference; fileEncoding = 4; lastKnownFileType = sourcecode.c.h; path = SWRevealViewController.h; sourceTree = "<group>"; };
		F4C39EA121681923001DD58B /* SWRevealViewController.m */ = {isa = PBXFileReference; fileEncoding = 4; lastKnownFileType = sourcecode.c.objc; path = SWRevealViewController.m; sourceTree = "<group>"; };
		F4C39EA321681E3F001DD58B /* HomePage.swift */ = {isa = PBXFileReference; lastKnownFileType = sourcecode.swift; path = HomePage.swift; sourceTree = "<group>"; };
		F4C39EA921683469001DD58B /* SettingsVC.swift */ = {isa = PBXFileReference; lastKnownFileType = sourcecode.swift; path = SettingsVC.swift; sourceTree = "<group>"; };
		F4C39EAB216846C2001DD58B /* MenuVC.swift */ = {isa = PBXFileReference; lastKnownFileType = sourcecode.swift; path = MenuVC.swift; sourceTree = "<group>"; };
		F4DB79C1215E3A7D000C7DB3 /* Groups.swift */ = {isa = PBXFileReference; fileEncoding = 4; lastKnownFileType = sourcecode.swift; path = Groups.swift; sourceTree = "<group>"; };
		F4DB79C2215E3A7E000C7DB3 /* Groups_Base.swift */ = {isa = PBXFileReference; fileEncoding = 4; lastKnownFileType = sourcecode.swift; path = Groups_Base.swift; sourceTree = "<group>"; };
		F4DB79C3215E3A7E000C7DB3 /* Owners.swift */ = {isa = PBXFileReference; fileEncoding = 4; lastKnownFileType = sourcecode.swift; path = Owners.swift; sourceTree = "<group>"; };
		F4DB79C4215E3A7E000C7DB3 /* Groups_model.swift */ = {isa = PBXFileReference; fileEncoding = 4; lastKnownFileType = sourcecode.swift; path = Groups_model.swift; sourceTree = "<group>"; };
		F4DB79C5215E3A7E000C7DB3 /* LoginsGroups.swift */ = {isa = PBXFileReference; fileEncoding = 4; lastKnownFileType = sourcecode.swift; path = LoginsGroups.swift; sourceTree = "<group>"; };
		F4DB79C6215E3A7E000C7DB3 /* RolesGroups.swift */ = {isa = PBXFileReference; fileEncoding = 4; lastKnownFileType = sourcecode.swift; path = RolesGroups.swift; sourceTree = "<group>"; };
		F4DB79CE215E5118000C7DB3 /* UserGroups.swift */ = {isa = PBXFileReference; lastKnownFileType = sourcecode.swift; path = UserGroups.swift; sourceTree = "<group>"; };
		F4DB79D1215E7730000C7DB3 /* PersonsControl-IOS.entitlements */ = {isa = PBXFileReference; lastKnownFileType = text.plist.entitlements; path = "PersonsControl-IOS.entitlements"; sourceTree = "<group>"; };
		F4DB79D8216018A6000C7DB3 /* MoreVC.swift */ = {isa = PBXFileReference; fileEncoding = 4; lastKnownFileType = sourcecode.swift; path = MoreVC.swift; sourceTree = "<group>"; };
		F4DB79DA21601912000C7DB3 /* GroupCell.swift */ = {isa = PBXFileReference; lastKnownFileType = sourcecode.swift; path = GroupCell.swift; sourceTree = "<group>"; };
		FE2EA38EC11B4AB9EE288EEF /* Pods-PersonsControl-IOS.debug.xcconfig */ = {isa = PBXFileReference; includeInIndex = 1; lastKnownFileType = text.xcconfig; name = "Pods-PersonsControl-IOS.debug.xcconfig"; path = "Pods/Target Support Files/Pods-PersonsControl-IOS/Pods-PersonsControl-IOS.debug.xcconfig"; sourceTree = "<group>"; };
/* End PBXFileReference section */

/* Begin PBXFrameworksBuildPhase section */
		F4449F2321225F8300EB0600 /* Frameworks */ = {
			isa = PBXFrameworksBuildPhase;
			buildActionMask = 2147483647;
			files = (
				CFD23254C54ABC12C6DFEFE6 /* Pods_PersonsControl_IOS.framework in Frameworks */,
			);
			runOnlyForDeploymentPostprocessing = 0;
		};
		F4449F3A21225F8600EB0600 /* Frameworks */ = {
			isa = PBXFrameworksBuildPhase;
			buildActionMask = 2147483647;
			files = (
				33E62FC76BD15A5C3A5EAB0A /* Pods_PersonsControl_IOSTests.framework in Frameworks */,
			);
			runOnlyForDeploymentPostprocessing = 0;
		};
		F4449F4521225F8600EB0600 /* Frameworks */ = {
			isa = PBXFrameworksBuildPhase;
			buildActionMask = 2147483647;
			files = (
				CC04DFDDC02AB864417E4C2F /* Pods_PersonsControl_IOSUITests.framework in Frameworks */,
			);
			runOnlyForDeploymentPostprocessing = 0;
		};
/* End PBXFrameworksBuildPhase section */

/* Begin PBXGroup section */
		03DDD262A6B7417F659897B7 /* Frameworks */ = {
			isa = PBXGroup;
			children = (
				6EE7A9DAF040576B5D5A4CDB /* Pods_PersonsControl_IOS.framework */,
				75230B217E55B93456637F45 /* Pods_PersonsControl_IOSTests.framework */,
				7528AB187049E5D07CCBE8C7 /* Pods_PersonsControl_IOSUITests.framework */,
			);
			name = Frameworks;
			sourceTree = "<group>";
		};
		94B7DE7F66B728DBF0503360 /* Pods */ = {
			isa = PBXGroup;
			children = (
				FE2EA38EC11B4AB9EE288EEF /* Pods-PersonsControl-IOS.debug.xcconfig */,
				2608A22237878D93EABCF821 /* Pods-PersonsControl-IOS.release.xcconfig */,
				D52EB788F187569AFE7A96CF /* Pods-PersonsControl-IOSTests.debug.xcconfig */,
				AA36150C59EF71B54F12A48B /* Pods-PersonsControl-IOSTests.release.xcconfig */,
				0CC3B640E4F5DDD44106D546 /* Pods-PersonsControl-IOSUITests.debug.xcconfig */,
				A61AF8B7DA6725DE52BF74E9 /* Pods-PersonsControl-IOSUITests.release.xcconfig */,
			);
			name = Pods;
			sourceTree = "<group>";
		};
		F40AE05B21431FC300766EF5 /* struct json */ = {
			isa = PBXGroup;
			children = (
				F418B29A216D47340089475C /* Support */,
				F424BA6F2165553300DD753B /* Tasks */,
				F424BA472164CCCF00DD753B /* Projects */,
				F4DB79C0215E3A67000C7DB3 /* Groups */,
				F40AE05C21431FE900766EF5 /* Login */,
			);
			path = "struct json";
			sourceTree = "<group>";
		};
		F40AE05C21431FE900766EF5 /* Login */ = {
			isa = PBXGroup;
			children = (
				F40AE05F2143202700766EF5 /* Data.swift */,
				F40AE0602143202700766EF5 /* SignIn_Base.swift */,
				F40AE05E2143202700766EF5 /* Logins.swift */,
				F40AE05D2143202700766EF5 /* Roles.swift */,
			);
			path = Login;
			sourceTree = "<group>";
		};
		F418B29A216D47340089475C /* Support */ = {
			isa = PBXGroup;
			children = (
				F418B2A1216E22830089475C /* SupportTask_Base.swift */,
				F418B2A2216E22840089475C /* TaskComplete.swift */,
				F418B29B216D47430089475C /* SupportUser_Base.swift */,
				F418B29F216D47DF0089475C /* UserSupport.swift */,
			);
			path = Support;
			sourceTree = "<group>";
		};
		F424BA472164CCCF00DD753B /* Projects */ = {
			isa = PBXGroup;
			children = (
				F424BA572164D05B00DD753B /* Project_base.swift */,
				F424BA622164DADE00DD753B /* DataClass.swift */,
				F424BA642164DAFE00DD753B /* Customer.swift */,
				F424BA662164DB1700DD753B /* Group_Project.swift */,
				F424BA682164DB3000DD753B /* Project.swift */,
			);
			path = Projects;
			sourceTree = "<group>";
		};
		F424BA6A2164E25400DD753B /* Projects */ = {
			isa = PBXGroup;
			children = (
				F424BA6B2164E2B500DD753B /* UserProject.swift */,
			);
			path = Projects;
			sourceTree = "<group>";
		};
		F424BA6F2165553300DD753B /* Tasks */ = {
			isa = PBXGroup;
			children = (
				F424BA762165593600DD753B /* DataTasks.swift */,
				F424BA732165593600DD753B /* Tasks_Base.swift */,
				F424BA722165593600DD753B /* TasksGroups.swift */,
				F424BA772165593600DD753B /* TasksPerson.swift */,
				F424BA742165593600DD753B /* TasksProjects.swift */,
				F424BA752165593600DD753B /* UserFrom.swift */,
				F424BA792165593700DD753B /* UserTo.swift */,
			);
			path = Tasks;
			sourceTree = "<group>";
		};
		F424BA88216566C400DD753B /* Tasks */ = {
			isa = PBXGroup;
			children = (
				F424BA93216577AC00DD753B /* UserTask.swift */,
				F4C39E7721661382001DD58B /* GroupTask.swift */,
				F4C39E7E21662A2F001DD58B /* ProjectTask.swift */,
			);
			path = Tasks;
			sourceTree = "<group>";
		};
		F4449F1D21225F8300EB0600 = {
			isa = PBXGroup;
			children = (
				F4449F2821225F8300EB0600 /* PersonsControl-IOS */,
				F4449F4021225F8600EB0600 /* PersonsControl-IOSTests */,
				F4449F4B21225F8600EB0600 /* PersonsControl-IOSUITests */,
				F4449F2721225F8300EB0600 /* Products */,
				94B7DE7F66B728DBF0503360 /* Pods */,
				03DDD262A6B7417F659897B7 /* Frameworks */,
			);
			sourceTree = "<group>";
		};
		F4449F2721225F8300EB0600 /* Products */ = {
			isa = PBXGroup;
			children = (
				F4449F2621225F8300EB0600 /* PersonsControl-IOS.app */,
				F4449F3D21225F8600EB0600 /* PersonsControl-IOSTests.xctest */,
				F4449F4821225F8600EB0600 /* PersonsControl-IOSUITests.xctest */,
			);
			name = Products;
			sourceTree = "<group>";
		};
		F4449F2821225F8300EB0600 /* PersonsControl-IOS */ = {
			isa = PBXGroup;
			children = (
				F478213521400A2A0064E7BC /* Connect to Api */,
				F46CD77D21481FD500EC4675 /* User Page */,
				F4449F2D21225F8300EB0600 /* Main.storyboard */,
				F4449F3321225F8600EB0600 /* Assets.xcassets */,
				F4449F3521225F8600EB0600 /* LaunchScreen.storyboard */,
				F4449F3821225F8600EB0600 /* Info.plist */,
				F4449F3021225F8300EB0600 /* PersonsControl_IOS.xcdatamodeld */,
				F49DD3DB21506C9800C982C6 /* personscontrol-firebase-crashreporting-g7o5l-95cdbd7177.json */,
				F49DD3D9215069F900C982C6 /* GoogleService-Info.plist */,
				F4449F2921225F8300EB0600 /* AppDelegate.swift */,
				F4DB79D1215E7730000C7DB3 /* PersonsControl-IOS.entitlements */,
				F4C39E892167CD3C001DD58B /* PersonsControl-IOS-Bridging-Header.h */,
				F4C39E8F2167CFAE001DD58B /* Objective-c support file */,
			);
			path = "PersonsControl-IOS";
			sourceTree = "<group>";
		};
		F4449F4021225F8600EB0600 /* PersonsControl-IOSTests */ = {
			isa = PBXGroup;
			children = (
				F4449F4121225F8600EB0600 /* PersonsControl_IOSTests.swift */,
				F4449F4321225F8600EB0600 /* Info.plist */,
			);
			path = "PersonsControl-IOSTests";
			sourceTree = "<group>";
		};
		F4449F4B21225F8600EB0600 /* PersonsControl-IOSUITests */ = {
			isa = PBXGroup;
			children = (
				F4449F4C21225F8600EB0600 /* PersonsControl_IOSUITests.swift */,
				F4449F4E21225F8600EB0600 /* Info.plist */,
			);
			path = "PersonsControl-IOSUITests";
			sourceTree = "<group>";
		};
		F46CD77B214739C900EC4675 /* DataManager */ = {
			isa = PBXGroup;
			children = (
				F415C0D8212317B700F30D66 /* SingletonManager.swift */,
				F424BA88216566C400DD753B /* Tasks */,
				F424BA6A2164E25400DD753B /* Projects */,
				F4DB79D0215E51AF000C7DB3 /* User */,
				F4DB79CD215E50DC000C7DB3 /* Groups */,
			);
			path = DataManager;
			sourceTree = "<group>";
		};
		F46CD77D21481FD500EC4675 /* User Page */ = {
			isa = PBXGroup;
			children = (
				F4449F2B21225F8300EB0600 /* LoginVC.swift */,
				F46CD77F2148728E00EC4675 /* RegistrationVC.swift */,
				F4C39EA321681E3F001DD58B /* HomePage.swift */,
				F4C39EAB216846C2001DD58B /* MenuVC.swift */,
				F46CD783214886CA00EC4675 /* Tab Bar Item */,
			);
			path = "User Page";
			sourceTree = "<group>";
		};
		F46CD783214886CA00EC4675 /* Tab Bar Item */ = {
			isa = PBXGroup;
			children = (
				F4DB79D3216017D8000C7DB3 /* Task */,
				F4DB79D4216017EA000C7DB3 /* Project */,
				F4DB79D5216017F4000C7DB3 /* Group */,
				F4DB79D621601800000C7DB3 /* Profile */,
				F4DB79D72160180D000C7DB3 /* More */,
			);
			path = "Tab Bar Item";
			sourceTree = "<group>";
		};
		F478213521400A2A0064E7BC /* Connect to Api */ = {
			isa = PBXGroup;
			children = (
				F478213321400A1C0064E7BC /* NetworkController.swift */,
				F40AE05B21431FC300766EF5 /* struct json */,
				F46CD77B214739C900EC4675 /* DataManager */,
			);
			path = "Connect to Api";
			sourceTree = "<group>";
		};
		F4C39E7B21661FA5001DD58B /* Personal  */ = {
			isa = PBXGroup;
			children = (
				F4C39E8D2167CF10001DD58B /* MyTaskVC.swift */,
				F424BA8D21656F1E00DD753B /* UserTaskVC.swift */,
				F424BA95216588D800DD753B /* UserTaskCell.swift */,
				F4219F68216B4DBD007288AC /* MyTaskDetailVC.swift */,
			);
			path = "Personal ";
			sourceTree = "<group>";
		};
		F4C39E7C21661FB8001DD58B /* Group */ = {
			isa = PBXGroup;
			children = (
				F424BA8F21656F3700DD753B /* GroupTaskVC.swift */,
				F4C39E7921661E28001DD58B /* GroupTaskCell.swift */,
				F4219F6A216B8CF7007288AC /* MyTaskGroupVC.swift */,
				F4219F6E216BBC16007288AC /* MyGroupTaskDetail.swift */,
			);
			path = Group;
			sourceTree = "<group>";
		};
		F4C39E7D21661FCD001DD58B /* Project */ = {
			isa = PBXGroup;
			children = (
				F424BA9121656F4A00DD753B /* ProjectTaskVC.swift */,
				F4C39E8021663306001DD58B /* ProjectTaskCell.swift */,
				F4219F6C216BADC5007288AC /* MyProjectTaskVC.swift */,
				F4219F70216BF81B007288AC /* MyProjectTaskDetailVC.swift */,
			);
			path = Project;
			sourceTree = "<group>";
		};
		F4C39E8F2167CFAE001DD58B /* Objective-c support file */ = {
			isa = PBXGroup;
			children = (
				F4C39EA021681922001DD58B /* SWRevealViewController.h */,
				F4C39EA121681923001DD58B /* SWRevealViewController.m */,
				F4C39E912167CFD0001DD58B /* MGSwipeButton.h */,
				F4C39E902167CFD0001DD58B /* MGSwipeButton.m */,
				F4C39E922167CFD0001DD58B /* MGSwipeTableCell.h */,
				F4C39E932167CFD0001DD58B /* MGSwipeTableCell.m */,
			);
			path = "Objective-c support file";
			sourceTree = "<group>";
		};
		F4DB79C0215E3A67000C7DB3 /* Groups */ = {
			isa = PBXGroup;
			children = (
				F4DB79C2215E3A7E000C7DB3 /* Groups_Base.swift */,
				F4DB79C4215E3A7E000C7DB3 /* Groups_model.swift */,
				F4DB79C1215E3A7D000C7DB3 /* Groups.swift */,
				F4DB79C5215E3A7E000C7DB3 /* LoginsGroups.swift */,
				F4DB79C3215E3A7E000C7DB3 /* Owners.swift */,
				F4DB79C6215E3A7E000C7DB3 /* RolesGroups.swift */,
			);
			path = Groups;
			sourceTree = "<group>";
		};
		F4DB79CD215E50DC000C7DB3 /* Groups */ = {
			isa = PBXGroup;
			children = (
				F4DB79CE215E5118000C7DB3 /* UserGroups.swift */,
			);
			path = Groups;
			sourceTree = "<group>";
		};
		F4DB79D0215E51AF000C7DB3 /* User */ = {
			isa = PBXGroup;
			children = (
				F40AE0652143F6B200766EF5 /* User.swift */,
			);
			path = User;
			sourceTree = "<group>";
		};
		F4DB79D3216017D8000C7DB3 /* Task */ = {
			isa = PBXGroup;
			children = (
				F4C39E7B21661FA5001DD58B /* Personal  */,
				F4C39E7C21661FB8001DD58B /* Group */,
				F4C39E7D21661FCD001DD58B /* Project */,
				F424BA8B21656D9000DD753B /* TaskUIPageVC.swift */,
			);
			path = Task;
			sourceTree = "<group>";
		};
		F4DB79D4216017EA000C7DB3 /* Project */ = {
			isa = PBXGroup;
			children = (
				F44BFD5421496421003DBAC9 /* ProjectsVC.swift */,
				F424BA6D216510B800DD753B /* ProjectCell.swift */,
				F418B298216CE8F00089475C /* ProjectDetailVC.swift */,
			);
			path = Project;
			sourceTree = "<group>";
		};
		F4DB79D5216017F4000C7DB3 /* Group */ = {
			isa = PBXGroup;
			children = (
				F44BFD51214963FB003DBAC9 /* GroupsVC.swift */,
				F4DB79DA21601912000C7DB3 /* GroupCell.swift */,
				F418B296216CD5080089475C /* GroupDetailVC.swift */,
			);
			path = Group;
			sourceTree = "<group>";
		};
		F4DB79D621601800000C7DB3 /* Profile */ = {
			isa = PBXGroup;
			children = (
				F415C0D62123176500F30D66 /* ProfileVC.swift */,
			);
			path = Profile;
			sourceTree = "<group>";
		};
		F4DB79D72160180D000C7DB3 /* More */ = {
			isa = PBXGroup;
			children = (
				F4DB79D8216018A6000C7DB3 /* MoreVC.swift */,
				F4C39EA921683469001DD58B /* SettingsVC.swift */,
			);
			path = More;
			sourceTree = "<group>";
		};
/* End PBXGroup section */

/* Begin PBXNativeTarget section */
		F4449F2521225F8300EB0600 /* PersonsControl-IOS */ = {
			isa = PBXNativeTarget;
			buildConfigurationList = F4449F5121225F8600EB0600 /* Build configuration list for PBXNativeTarget "PersonsControl-IOS" */;
			buildPhases = (
				942499EC92902C9AAD522762 /* [CP] Check Pods Manifest.lock */,
				F4449F2221225F8300EB0600 /* Sources */,
				F4449F2321225F8300EB0600 /* Frameworks */,
				F4449F2421225F8300EB0600 /* Resources */,
				FED4253150CAAAC97EB13186 /* [CP] Embed Pods Frameworks */,
				0D13076786C29555F182FC06 /* [CP] Copy Pods Resources */,
				F4C7643F215066F300B73F5D /* ShellScript */,
				F4729A7C2150736400D10F13 /* Run Crash */,
			);
			buildRules = (
			);
			dependencies = (
			);
			name = "PersonsControl-IOS";
			productName = "PersonsControl-IOS";
			productReference = F4449F2621225F8300EB0600 /* PersonsControl-IOS.app */;
			productType = "com.apple.product-type.application";
		};
		F4449F3C21225F8600EB0600 /* PersonsControl-IOSTests */ = {
			isa = PBXNativeTarget;
			buildConfigurationList = F4449F5421225F8600EB0600 /* Build configuration list for PBXNativeTarget "PersonsControl-IOSTests" */;
			buildPhases = (
				8899A4F083952BD3FA16699E /* [CP] Check Pods Manifest.lock */,
				F4449F3921225F8600EB0600 /* Sources */,
				F4449F3A21225F8600EB0600 /* Frameworks */,
				F4449F3B21225F8600EB0600 /* Resources */,
			);
			buildRules = (
			);
			dependencies = (
				F4449F3F21225F8600EB0600 /* PBXTargetDependency */,
			);
			name = "PersonsControl-IOSTests";
			productName = "PersonsControl-IOSTests";
			productReference = F4449F3D21225F8600EB0600 /* PersonsControl-IOSTests.xctest */;
			productType = "com.apple.product-type.bundle.unit-test";
		};
		F4449F4721225F8600EB0600 /* PersonsControl-IOSUITests */ = {
			isa = PBXNativeTarget;
			buildConfigurationList = F4449F5721225F8600EB0600 /* Build configuration list for PBXNativeTarget "PersonsControl-IOSUITests" */;
			buildPhases = (
				3D0CA06E261DA628F443C04A /* [CP] Check Pods Manifest.lock */,
				F4449F4421225F8600EB0600 /* Sources */,
				F4449F4521225F8600EB0600 /* Frameworks */,
				F4449F4621225F8600EB0600 /* Resources */,
			);
			buildRules = (
			);
			dependencies = (
				F4449F4A21225F8600EB0600 /* PBXTargetDependency */,
			);
			name = "PersonsControl-IOSUITests";
			productName = "PersonsControl-IOSUITests";
			productReference = F4449F4821225F8600EB0600 /* PersonsControl-IOSUITests.xctest */;
			productType = "com.apple.product-type.bundle.ui-testing";
		};
/* End PBXNativeTarget section */

/* Begin PBXProject section */
		F4449F1E21225F8300EB0600 /* Project object */ = {
			isa = PBXProject;
			attributes = {
				LastSwiftUpdateCheck = 0940;
				LastUpgradeCheck = 0940;
				ORGANIZATIONNAME = "Валерий Мельников";
				TargetAttributes = {
					F4449F2521225F8300EB0600 = {
						CreatedOnToolsVersion = 9.4.1;
						LastSwiftMigration = 1000;
						SystemCapabilities = {
							com.apple.Keychain = {
								enabled = 0;
							};
							com.apple.Push = {
								enabled = 1;
							};
							com.apple.iCloud = {
								enabled = 0;
							};
						};
					};
					F4449F3C21225F8600EB0600 = {
						CreatedOnToolsVersion = 9.4.1;
						TestTargetID = F4449F2521225F8300EB0600;
					};
					F4449F4721225F8600EB0600 = {
						CreatedOnToolsVersion = 9.4.1;
						TestTargetID = F4449F2521225F8300EB0600;
					};
				};
			};
			buildConfigurationList = F4449F2121225F8300EB0600 /* Build configuration list for PBXProject "PersonsControl-IOS" */;
			compatibilityVersion = "Xcode 9.3";
			developmentRegion = en;
			hasScannedForEncodings = 0;
			knownRegions = (
				en,
				Base,
			);
			mainGroup = F4449F1D21225F8300EB0600;
			productRefGroup = F4449F2721225F8300EB0600 /* Products */;
			projectDirPath = "";
			projectRoot = "";
			targets = (
				F4449F2521225F8300EB0600 /* PersonsControl-IOS */,
				F4449F3C21225F8600EB0600 /* PersonsControl-IOSTests */,
				F4449F4721225F8600EB0600 /* PersonsControl-IOSUITests */,
			);
		};
/* End PBXProject section */

/* Begin PBXResourcesBuildPhase section */
		F4449F2421225F8300EB0600 /* Resources */ = {
			isa = PBXResourcesBuildPhase;
			buildActionMask = 2147483647;
			files = (
				F4449F3721225F8600EB0600 /* LaunchScreen.storyboard in Resources */,
				F49DD3DA215069FA00C982C6 /* GoogleService-Info.plist in Resources */,
				F49DD3DC21506C9800C982C6 /* personscontrol-firebase-crashreporting-g7o5l-95cdbd7177.json in Resources */,
				F4449F3421225F8600EB0600 /* Assets.xcassets in Resources */,
				F4449F2F21225F8300EB0600 /* Main.storyboard in Resources */,
			);
			runOnlyForDeploymentPostprocessing = 0;
		};
		F4449F3B21225F8600EB0600 /* Resources */ = {
			isa = PBXResourcesBuildPhase;
			buildActionMask = 2147483647;
			files = (
			);
			runOnlyForDeploymentPostprocessing = 0;
		};
		F4449F4621225F8600EB0600 /* Resources */ = {
			isa = PBXResourcesBuildPhase;
			buildActionMask = 2147483647;
			files = (
			);
			runOnlyForDeploymentPostprocessing = 0;
		};
/* End PBXResourcesBuildPhase section */

/* Begin PBXShellScriptBuildPhase section */
		0D13076786C29555F182FC06 /* [CP] Copy Pods Resources */ = {
			isa = PBXShellScriptBuildPhase;
			buildActionMask = 2147483647;
			files = (
			);
			inputPaths = (
				"${SRCROOT}/Pods/Target Support Files/Pods-PersonsControl-IOS/Pods-PersonsControl-IOS-resources.sh",
				"${PODS_ROOT}/GoogleMaps/Maps/Frameworks/GoogleMaps.framework/Resources/GoogleMaps.bundle",
				"${PODS_ROOT}/GooglePlaces/Frameworks/GooglePlaces.framework/Resources/GooglePlaces.bundle",
				"${PODS_ROOT}/GoogleSignIn/Resources/GoogleSignIn.bundle",
			);
			name = "[CP] Copy Pods Resources";
			outputPaths = (
				"${TARGET_BUILD_DIR}/${UNLOCALIZED_RESOURCES_FOLDER_PATH}/GoogleMaps.bundle",
				"${TARGET_BUILD_DIR}/${UNLOCALIZED_RESOURCES_FOLDER_PATH}/GooglePlaces.bundle",
				"${TARGET_BUILD_DIR}/${UNLOCALIZED_RESOURCES_FOLDER_PATH}/GoogleSignIn.bundle",
			);
			runOnlyForDeploymentPostprocessing = 0;
			shellPath = /bin/sh;
			shellScript = "\"${SRCROOT}/Pods/Target Support Files/Pods-PersonsControl-IOS/Pods-PersonsControl-IOS-resources.sh\"\n";
			showEnvVarsInLog = 0;
		};
		3D0CA06E261DA628F443C04A /* [CP] Check Pods Manifest.lock */ = {
			isa = PBXShellScriptBuildPhase;
			buildActionMask = 2147483647;
			files = (
			);
			inputPaths = (
				"${PODS_PODFILE_DIR_PATH}/Podfile.lock",
				"${PODS_ROOT}/Manifest.lock",
			);
			name = "[CP] Check Pods Manifest.lock";
			outputPaths = (
				"$(DERIVED_FILE_DIR)/Pods-PersonsControl-IOSUITests-checkManifestLockResult.txt",
			);
			runOnlyForDeploymentPostprocessing = 0;
			shellPath = /bin/sh;
			shellScript = "diff \"${PODS_PODFILE_DIR_PATH}/Podfile.lock\" \"${PODS_ROOT}/Manifest.lock\" > /dev/null\nif [ $? != 0 ] ; then\n    # print error to STDERR\n    echo \"error: The sandbox is not in sync with the Podfile.lock. Run 'pod install' or update your CocoaPods installation.\" >&2\n    exit 1\nfi\n# This output is used by Xcode 'outputs' to avoid re-running this script phase.\necho \"SUCCESS\" > \"${SCRIPT_OUTPUT_FILE_0}\"\n";
			showEnvVarsInLog = 0;
		};
		8899A4F083952BD3FA16699E /* [CP] Check Pods Manifest.lock */ = {
			isa = PBXShellScriptBuildPhase;
			buildActionMask = 2147483647;
			files = (
			);
			inputPaths = (
				"${PODS_PODFILE_DIR_PATH}/Podfile.lock",
				"${PODS_ROOT}/Manifest.lock",
			);
			name = "[CP] Check Pods Manifest.lock";
			outputPaths = (
				"$(DERIVED_FILE_DIR)/Pods-PersonsControl-IOSTests-checkManifestLockResult.txt",
			);
			runOnlyForDeploymentPostprocessing = 0;
			shellPath = /bin/sh;
			shellScript = "diff \"${PODS_PODFILE_DIR_PATH}/Podfile.lock\" \"${PODS_ROOT}/Manifest.lock\" > /dev/null\nif [ $? != 0 ] ; then\n    # print error to STDERR\n    echo \"error: The sandbox is not in sync with the Podfile.lock. Run 'pod install' or update your CocoaPods installation.\" >&2\n    exit 1\nfi\n# This output is used by Xcode 'outputs' to avoid re-running this script phase.\necho \"SUCCESS\" > \"${SCRIPT_OUTPUT_FILE_0}\"\n";
			showEnvVarsInLog = 0;
		};
		942499EC92902C9AAD522762 /* [CP] Check Pods Manifest.lock */ = {
			isa = PBXShellScriptBuildPhase;
			buildActionMask = 2147483647;
			files = (
			);
			inputPaths = (
				"${PODS_PODFILE_DIR_PATH}/Podfile.lock",
				"${PODS_ROOT}/Manifest.lock",
			);
			name = "[CP] Check Pods Manifest.lock";
			outputPaths = (
				"$(DERIVED_FILE_DIR)/Pods-PersonsControl-IOS-checkManifestLockResult.txt",
			);
			runOnlyForDeploymentPostprocessing = 0;
			shellPath = /bin/sh;
			shellScript = "diff \"${PODS_PODFILE_DIR_PATH}/Podfile.lock\" \"${PODS_ROOT}/Manifest.lock\" > /dev/null\nif [ $? != 0 ] ; then\n    # print error to STDERR\n    echo \"error: The sandbox is not in sync with the Podfile.lock. Run 'pod install' or update your CocoaPods installation.\" >&2\n    exit 1\nfi\n# This output is used by Xcode 'outputs' to avoid re-running this script phase.\necho \"SUCCESS\" > \"${SCRIPT_OUTPUT_FILE_0}\"\n";
			showEnvVarsInLog = 0;
		};
		F4729A7C2150736400D10F13 /* Run Crash */ = {
			isa = PBXShellScriptBuildPhase;
			buildActionMask = 2147483647;
			files = (
			);
			inputPaths = (
			);
			name = "Run Crash";
			outputPaths = (
			);
			runOnlyForDeploymentPostprocessing = 0;
			shellPath = /bin/sh;
			shellScript = "# Type a script or drag a script file from your workspace to insert its path.\n# Replace this with the GOOGLE_APP_ID from your GoogleService-Info.plist file\n#GOOGLE_APP_ID=1:525481537619:ios:4952f2a28d2b2048\n\n# Replace the /Path/To/ServiceAccount.json with the path to the key you just downloaded\n#\"${PODS_ROOT}\"/FirebaseCrash/upload-sym \"${PROJECT_DIR}/PersonsControl-IOS/personscontrol-firebase-crashreporting-g7o5l-95cdbd7177.json\"\n";
		};
		F4C7643F215066F300B73F5D /* ShellScript */ = {
			isa = PBXShellScriptBuildPhase;
			buildActionMask = 2147483647;
			files = (
			);
			inputPaths = (
				"$(BUILT_PRODUCTS_DIR)/$(INFOPLIST_PATH)",
			);
			outputPaths = (
			);
			runOnlyForDeploymentPostprocessing = 0;
			shellPath = /bin/sh;
			shellScript = "\"${PODS_ROOT}/Fabric/run\"\n";
		};
		FED4253150CAAAC97EB13186 /* [CP] Embed Pods Frameworks */ = {
			isa = PBXShellScriptBuildPhase;
			buildActionMask = 2147483647;
			files = (
			);
			inputPaths = (
				"${SRCROOT}/Pods/Target Support Files/Pods-PersonsControl-IOS/Pods-PersonsControl-IOS-frameworks.sh",
				"${BUILT_PRODUCTS_DIR}/GTMOAuth2/GTMOAuth2.framework",
				"${BUILT_PRODUCTS_DIR}/GTMSessionFetcher/GTMSessionFetcher.framework",
				"${BUILT_PRODUCTS_DIR}/GoogleToolboxForMac/GoogleToolboxForMac.framework",
				"${BUILT_PRODUCTS_DIR}/GoogleUtilities/GoogleUtilities.framework",
				"${BUILT_PRODUCTS_DIR}/MDFInternationalization/MDFInternationalization.framework",
				"${BUILT_PRODUCTS_DIR}/MaterialComponents/MaterialComponents.framework",
				"${BUILT_PRODUCTS_DIR}/Protobuf/Protobuf.framework",
				"${BUILT_PRODUCTS_DIR}/SideMenu/SideMenu.framework",
				"${BUILT_PRODUCTS_DIR}/leveldb-library/leveldb.framework",
				"${BUILT_PRODUCTS_DIR}/nanopb/nanopb.framework",
			);
			name = "[CP] Embed Pods Frameworks";
			outputPaths = (
				"${TARGET_BUILD_DIR}/${FRAMEWORKS_FOLDER_PATH}/GTMOAuth2.framework",
				"${TARGET_BUILD_DIR}/${FRAMEWORKS_FOLDER_PATH}/GTMSessionFetcher.framework",
				"${TARGET_BUILD_DIR}/${FRAMEWORKS_FOLDER_PATH}/GoogleToolboxForMac.framework",
				"${TARGET_BUILD_DIR}/${FRAMEWORKS_FOLDER_PATH}/GoogleUtilities.framework",
				"${TARGET_BUILD_DIR}/${FRAMEWORKS_FOLDER_PATH}/MDFInternationalization.framework",
				"${TARGET_BUILD_DIR}/${FRAMEWORKS_FOLDER_PATH}/MaterialComponents.framework",
				"${TARGET_BUILD_DIR}/${FRAMEWORKS_FOLDER_PATH}/Protobuf.framework",
				"${TARGET_BUILD_DIR}/${FRAMEWORKS_FOLDER_PATH}/SideMenu.framework",
				"${TARGET_BUILD_DIR}/${FRAMEWORKS_FOLDER_PATH}/leveldb.framework",
				"${TARGET_BUILD_DIR}/${FRAMEWORKS_FOLDER_PATH}/nanopb.framework",
			);
			runOnlyForDeploymentPostprocessing = 0;
			shellPath = /bin/sh;
			shellScript = "\"${SRCROOT}/Pods/Target Support Files/Pods-PersonsControl-IOS/Pods-PersonsControl-IOS-frameworks.sh\"\n";
			showEnvVarsInLog = 0;
		};
/* End PBXShellScriptBuildPhase section */

/* Begin PBXSourcesBuildPhase section */
		F4449F2221225F8300EB0600 /* Sources */ = {
			isa = PBXSourcesBuildPhase;
			buildActionMask = 2147483647;
			files = (
				F424BA8C21656D9000DD753B /* TaskUIPageVC.swift in Sources */,
				F424BA632164DADE00DD753B /* DataClass.swift in Sources */,
				F4C39E7821661382001DD58B /* GroupTask.swift in Sources */,
				F4219F6D216BADC5007288AC /* MyProjectTaskVC.swift in Sources */,
				F424BA842165593700DD753B /* UserTo.swift in Sources */,
				F4DB79C8215E3A7E000C7DB3 /* Groups_Base.swift in Sources */,
				F4449F3221225F8300EB0600 /* PersonsControl_IOS.xcdatamodeld in Sources */,
				F424BA94216577AC00DD753B /* UserTask.swift in Sources */,
				F40AE0632143202700766EF5 /* Data.swift in Sources */,
				F4219F6F216BBC16007288AC /* MyGroupTaskDetail.swift in Sources */,
				F44BFD5521496421003DBAC9 /* ProjectsVC.swift in Sources */,
				F424BA7F2165593700DD753B /* TasksProjects.swift in Sources */,
				F4219F71216BF81B007288AC /* MyProjectTaskDetailVC.swift in Sources */,
				F418B29D216D47430089475C /* SupportUser_Base.swift in Sources */,
				F415C0D72123176500F30D66 /* ProfileVC.swift in Sources */,
				F4C39EA221681923001DD58B /* SWRevealViewController.m in Sources */,
				F44BFD52214963FB003DBAC9 /* GroupsVC.swift in Sources */,
				F4DB79D9216018A6000C7DB3 /* MoreVC.swift in Sources */,
				F40AE0642143202700766EF5 /* SignIn_Base.swift in Sources */,
				F424BA96216588D800DD753B /* UserTaskCell.swift in Sources */,
				F418B2A0216D47E00089475C /* UserSupport.swift in Sources */,
				F40AE0622143202700766EF5 /* Logins.swift in Sources */,
				F424BA8E21656F1E00DD753B /* UserTaskVC.swift in Sources */,
				F40AE0612143202700766EF5 /* Roles.swift in Sources */,
				F4C39EA421681E3F001DD58B /* HomePage.swift in Sources */,
				F4DB79CF215E5118000C7DB3 /* UserGroups.swift in Sources */,
				F424BA9021656F3700DD753B /* GroupTaskVC.swift in Sources */,
				F418B2A3216E22840089475C /* SupportTask_Base.swift in Sources */,
				F4C39E942167CFD0001DD58B /* MGSwipeButton.m in Sources */,
				F478213421400A1C0064E7BC /* NetworkController.swift in Sources */,
				F424BA692164DB3000DD753B /* Project.swift in Sources */,
				F46CD7802148728E00EC4675 /* RegistrationVC.swift in Sources */,
				F424BA6C2164E2B500DD753B /* UserProject.swift in Sources */,
				F4C39E7F21662A2F001DD58B /* ProjectTask.swift in Sources */,
				F424BA822165593700DD753B /* TasksPerson.swift in Sources */,
				F4219F6B216B8CF7007288AC /* MyTaskGroupVC.swift in Sources */,
				F4DB79CC215E3A7E000C7DB3 /* RolesGroups.swift in Sources */,
				F4DB79DB21601912000C7DB3 /* GroupCell.swift in Sources */,
				F4DB79C7215E3A7E000C7DB3 /* Groups.swift in Sources */,
				F424BA6E216510B800DD753B /* ProjectCell.swift in Sources */,
				F424BA7D2165593700DD753B /* TasksGroups.swift in Sources */,
				F4219F69216B4DBE007288AC /* MyTaskDetailVC.swift in Sources */,
				F424BA812165593700DD753B /* DataTasks.swift in Sources */,
				F415C0D9212317B700F30D66 /* SingletonManager.swift in Sources */,
				F40AE0662143F6B200766EF5 /* User.swift in Sources */,
				F424BA5F2164D05B00DD753B /* Project_base.swift in Sources */,
				F418B299216CE8F00089475C /* ProjectDetailVC.swift in Sources */,
				F424BA672164DB1700DD753B /* Group_Project.swift in Sources */,
				F418B2A4216E22840089475C /* TaskComplete.swift in Sources */,
				F424BA802165593700DD753B /* UserFrom.swift in Sources */,
				F4449F2C21225F8300EB0600 /* LoginVC.swift in Sources */,
				F4C39EAC216846C2001DD58B /* MenuVC.swift in Sources */,
				F4C39E952167CFD0001DD58B /* MGSwipeTableCell.m in Sources */,
				F4C39EAA21683469001DD58B /* SettingsVC.swift in Sources */,
				F4C39E8121663306001DD58B /* ProjectTaskCell.swift in Sources */,
				F4C39E7A21661E28001DD58B /* GroupTaskCell.swift in Sources */,
				F418B297216CD5080089475C /* GroupDetailVC.swift in Sources */,
				F4DB79CA215E3A7E000C7DB3 /* Groups_model.swift in Sources */,
				F424BA7E2165593700DD753B /* Tasks_Base.swift in Sources */,
				F4DB79CB215E3A7E000C7DB3 /* LoginsGroups.swift in Sources */,
				F4C39E8E2167CF10001DD58B /* MyTaskVC.swift in Sources */,
				F424BA652164DAFE00DD753B /* Customer.swift in Sources */,
				F424BA9221656F4A00DD753B /* ProjectTaskVC.swift in Sources */,
				F4449F2A21225F8300EB0600 /* AppDelegate.swift in Sources */,
				F4DB79C9215E3A7E000C7DB3 /* Owners.swift in Sources */,
			);
			runOnlyForDeploymentPostprocessing = 0;
		};
		F4449F3921225F8600EB0600 /* Sources */ = {
			isa = PBXSourcesBuildPhase;
			buildActionMask = 2147483647;
			files = (
				F4449F4221225F8600EB0600 /* PersonsControl_IOSTests.swift in Sources */,
			);
			runOnlyForDeploymentPostprocessing = 0;
		};
		F4449F4421225F8600EB0600 /* Sources */ = {
			isa = PBXSourcesBuildPhase;
			buildActionMask = 2147483647;
			files = (
				F4449F4D21225F8600EB0600 /* PersonsControl_IOSUITests.swift in Sources */,
			);
			runOnlyForDeploymentPostprocessing = 0;
		};
/* End PBXSourcesBuildPhase section */

/* Begin PBXTargetDependency section */
		F4449F3F21225F8600EB0600 /* PBXTargetDependency */ = {
			isa = PBXTargetDependency;
			target = F4449F2521225F8300EB0600 /* PersonsControl-IOS */;
			targetProxy = F4449F3E21225F8600EB0600 /* PBXContainerItemProxy */;
		};
		F4449F4A21225F8600EB0600 /* PBXTargetDependency */ = {
			isa = PBXTargetDependency;
			target = F4449F2521225F8300EB0600 /* PersonsControl-IOS */;
			targetProxy = F4449F4921225F8600EB0600 /* PBXContainerItemProxy */;
		};
/* End PBXTargetDependency section */

/* Begin PBXVariantGroup section */
		F4449F2D21225F8300EB0600 /* Main.storyboard */ = {
			isa = PBXVariantGroup;
			children = (
				F4449F2E21225F8300EB0600 /* Base */,
			);
			name = Main.storyboard;
			sourceTree = "<group>";
		};
		F4449F3521225F8600EB0600 /* LaunchScreen.storyboard */ = {
			isa = PBXVariantGroup;
			children = (
				F4449F3621225F8600EB0600 /* Base */,
			);
			name = LaunchScreen.storyboard;
			sourceTree = "<group>";
		};
/* End PBXVariantGroup section */

/* Begin XCBuildConfiguration section */
		F4449F4F21225F8600EB0600 /* Debug */ = {
			isa = XCBuildConfiguration;
			buildSettings = {
				ALWAYS_SEARCH_USER_PATHS = NO;
				CLANG_ANALYZER_NONNULL = YES;
				CLANG_ANALYZER_NUMBER_OBJECT_CONVERSION = YES_AGGRESSIVE;
				CLANG_CXX_LANGUAGE_STANDARD = "gnu++14";
				CLANG_CXX_LIBRARY = "libc++";
				CLANG_ENABLE_MODULES = YES;
				CLANG_ENABLE_OBJC_ARC = YES;
				CLANG_ENABLE_OBJC_WEAK = YES;
				CLANG_WARN_BLOCK_CAPTURE_AUTORELEASING = YES;
				CLANG_WARN_BOOL_CONVERSION = YES;
				CLANG_WARN_COMMA = YES;
				CLANG_WARN_CONSTANT_CONVERSION = YES;
				CLANG_WARN_DEPRECATED_OBJC_IMPLEMENTATIONS = YES;
				CLANG_WARN_DIRECT_OBJC_ISA_USAGE = YES_ERROR;
				CLANG_WARN_DOCUMENTATION_COMMENTS = YES;
				CLANG_WARN_EMPTY_BODY = YES;
				CLANG_WARN_ENUM_CONVERSION = YES;
				CLANG_WARN_INFINITE_RECURSION = YES;
				CLANG_WARN_INT_CONVERSION = YES;
				CLANG_WARN_NON_LITERAL_NULL_CONVERSION = YES;
				CLANG_WARN_OBJC_IMPLICIT_RETAIN_SELF = YES;
				CLANG_WARN_OBJC_LITERAL_CONVERSION = YES;
				CLANG_WARN_OBJC_ROOT_CLASS = YES_ERROR;
				CLANG_WARN_RANGE_LOOP_ANALYSIS = YES;
				CLANG_WARN_STRICT_PROTOTYPES = YES;
				CLANG_WARN_SUSPICIOUS_MOVE = YES;
				CLANG_WARN_UNGUARDED_AVAILABILITY = YES_AGGRESSIVE;
				CLANG_WARN_UNREACHABLE_CODE = YES;
				CLANG_WARN__DUPLICATE_METHOD_MATCH = YES;
				CODE_SIGN_IDENTITY = "iPhone Developer";
				COPY_PHASE_STRIP = NO;
				DEBUG_INFORMATION_FORMAT = dwarf;
				ENABLE_STRICT_OBJC_MSGSEND = YES;
				ENABLE_TESTABILITY = YES;
				GCC_C_LANGUAGE_STANDARD = gnu11;
				GCC_DYNAMIC_NO_PIC = NO;
				GCC_NO_COMMON_BLOCKS = YES;
				GCC_OPTIMIZATION_LEVEL = 0;
				GCC_PREPROCESSOR_DEFINITIONS = (
					"DEBUG=1",
					"$(inherited)",
				);
				GCC_WARN_64_TO_32_BIT_CONVERSION = YES;
				GCC_WARN_ABOUT_RETURN_TYPE = YES_ERROR;
				GCC_WARN_UNDECLARED_SELECTOR = YES;
				GCC_WARN_UNINITIALIZED_AUTOS = YES_AGGRESSIVE;
				GCC_WARN_UNUSED_FUNCTION = YES;
				GCC_WARN_UNUSED_VARIABLE = YES;
				IPHONEOS_DEPLOYMENT_TARGET = 11.4;
				MTL_ENABLE_DEBUG_INFO = YES;
				ONLY_ACTIVE_ARCH = YES;
				SDKROOT = iphoneos;
				SWIFT_ACTIVE_COMPILATION_CONDITIONS = DEBUG;
				SWIFT_OPTIMIZATION_LEVEL = "-Onone";
			};
			name = Debug;
		};
		F4449F5021225F8600EB0600 /* Release */ = {
			isa = XCBuildConfiguration;
			buildSettings = {
				ALWAYS_SEARCH_USER_PATHS = NO;
				CLANG_ANALYZER_NONNULL = YES;
				CLANG_ANALYZER_NUMBER_OBJECT_CONVERSION = YES_AGGRESSIVE;
				CLANG_CXX_LANGUAGE_STANDARD = "gnu++14";
				CLANG_CXX_LIBRARY = "libc++";
				CLANG_ENABLE_MODULES = YES;
				CLANG_ENABLE_OBJC_ARC = YES;
				CLANG_ENABLE_OBJC_WEAK = YES;
				CLANG_WARN_BLOCK_CAPTURE_AUTORELEASING = YES;
				CLANG_WARN_BOOL_CONVERSION = YES;
				CLANG_WARN_COMMA = YES;
				CLANG_WARN_CONSTANT_CONVERSION = YES;
				CLANG_WARN_DEPRECATED_OBJC_IMPLEMENTATIONS = YES;
				CLANG_WARN_DIRECT_OBJC_ISA_USAGE = YES_ERROR;
				CLANG_WARN_DOCUMENTATION_COMMENTS = YES;
				CLANG_WARN_EMPTY_BODY = YES;
				CLANG_WARN_ENUM_CONVERSION = YES;
				CLANG_WARN_INFINITE_RECURSION = YES;
				CLANG_WARN_INT_CONVERSION = YES;
				CLANG_WARN_NON_LITERAL_NULL_CONVERSION = YES;
				CLANG_WARN_OBJC_IMPLICIT_RETAIN_SELF = YES;
				CLANG_WARN_OBJC_LITERAL_CONVERSION = YES;
				CLANG_WARN_OBJC_ROOT_CLASS = YES_ERROR;
				CLANG_WARN_RANGE_LOOP_ANALYSIS = YES;
				CLANG_WARN_STRICT_PROTOTYPES = YES;
				CLANG_WARN_SUSPICIOUS_MOVE = YES;
				CLANG_WARN_UNGUARDED_AVAILABILITY = YES_AGGRESSIVE;
				CLANG_WARN_UNREACHABLE_CODE = YES;
				CLANG_WARN__DUPLICATE_METHOD_MATCH = YES;
				CODE_SIGN_IDENTITY = "iPhone Developer";
				COPY_PHASE_STRIP = NO;
				DEBUG_INFORMATION_FORMAT = "dwarf-with-dsym";
				ENABLE_NS_ASSERTIONS = NO;
				ENABLE_STRICT_OBJC_MSGSEND = YES;
				GCC_C_LANGUAGE_STANDARD = gnu11;
				GCC_NO_COMMON_BLOCKS = YES;
				GCC_WARN_64_TO_32_BIT_CONVERSION = YES;
				GCC_WARN_ABOUT_RETURN_TYPE = YES_ERROR;
				GCC_WARN_UNDECLARED_SELECTOR = YES;
				GCC_WARN_UNINITIALIZED_AUTOS = YES_AGGRESSIVE;
				GCC_WARN_UNUSED_FUNCTION = YES;
				GCC_WARN_UNUSED_VARIABLE = YES;
				IPHONEOS_DEPLOYMENT_TARGET = 11.4;
				MTL_ENABLE_DEBUG_INFO = NO;
				SDKROOT = iphoneos;
				SWIFT_COMPILATION_MODE = wholemodule;
				SWIFT_OPTIMIZATION_LEVEL = "-O";
				VALIDATE_PRODUCT = YES;
			};
			name = Release;
		};
		F4449F5221225F8600EB0600 /* Debug */ = {
			isa = XCBuildConfiguration;
			baseConfigurationReference = FE2EA38EC11B4AB9EE288EEF /* Pods-PersonsControl-IOS.debug.xcconfig */;
			buildSettings = {
				ASSETCATALOG_COMPILER_APPICON_NAME = AppIcon;
				CLANG_ENABLE_MODULES = YES;
				CODE_SIGN_ENTITLEMENTS = "PersonsControl-IOS/PersonsControl-IOS.entitlements";
				CODE_SIGN_STYLE = Automatic;
				DEBUG_INFORMATION_FORMAT = "dwarf-with-dsym";
				DEVELOPMENT_TEAM = VRTL65JL49;
				INFOPLIST_FILE = "PersonsControl-IOS/Info.plist";
				IPHONEOS_DEPLOYMENT_TARGET = 11.0;
				LD_RUNPATH_SEARCH_PATHS = (
					"$(inherited)",
					"@executable_path/Frameworks",
				);
				PRODUCT_BUNDLE_IDENTIFIER = "DiphlomaProject.PersonsControl-IOS";
				PRODUCT_NAME = "$(TARGET_NAME)";
				SWIFT_OBJC_BRIDGING_HEADER = "PersonsControl-IOS/PersonsControl-IOS-Bridging-Header.h";
				SWIFT_OPTIMIZATION_LEVEL = "-Onone";
				SWIFT_VERSION = 4.0;
				TARGETED_DEVICE_FAMILY = 1;
			};
			name = Debug;
		};
		F4449F5321225F8600EB0600 /* Release */ = {
			isa = XCBuildConfiguration;
			baseConfigurationReference = 2608A22237878D93EABCF821 /* Pods-PersonsControl-IOS.release.xcconfig */;
			buildSettings = {
				ASSETCATALOG_COMPILER_APPICON_NAME = AppIcon;
				CLANG_ENABLE_MODULES = YES;
				CODE_SIGN_ENTITLEMENTS = "PersonsControl-IOS/PersonsControl-IOS.entitlements";
				CODE_SIGN_STYLE = Automatic;
				DEVELOPMENT_TEAM = VRTL65JL49;
				INFOPLIST_FILE = "PersonsControl-IOS/Info.plist";
				IPHONEOS_DEPLOYMENT_TARGET = 11.0;
				LD_RUNPATH_SEARCH_PATHS = (
					"$(inherited)",
					"@executable_path/Frameworks",
				);
				PRODUCT_BUNDLE_IDENTIFIER = "DiphlomaProject.PersonsControl-IOS";
				PRODUCT_NAME = "$(TARGET_NAME)";
				SWIFT_OBJC_BRIDGING_HEADER = "PersonsControl-IOS/PersonsControl-IOS-Bridging-Header.h";
				SWIFT_VERSION = 4.0;
				TARGETED_DEVICE_FAMILY = 1;
			};
			name = Release;
		};
		F4449F5521225F8600EB0600 /* Debug */ = {
			isa = XCBuildConfiguration;
			baseConfigurationReference = D52EB788F187569AFE7A96CF /* Pods-PersonsControl-IOSTests.debug.xcconfig */;
			buildSettings = {
				ALWAYS_EMBED_SWIFT_STANDARD_LIBRARIES = YES;
				BUNDLE_LOADER = "$(TEST_HOST)";
				CODE_SIGN_STYLE = Automatic;
				DEVELOPMENT_TEAM = VRTL65JL49;
				INFOPLIST_FILE = "PersonsControl-IOSTests/Info.plist";
				LD_RUNPATH_SEARCH_PATHS = (
					"$(inherited)",
					"@executable_path/Frameworks",
					"@loader_path/Frameworks",
				);
				PRODUCT_BUNDLE_IDENTIFIER = "DiphlomaProject.PersonsControl-IOSTests";
				PRODUCT_NAME = "$(TARGET_NAME)";
				SWIFT_VERSION = 4.0;
				TARGETED_DEVICE_FAMILY = "1,2";
				TEST_HOST = "$(BUILT_PRODUCTS_DIR)/PersonsControl-IOS.app/PersonsControl-IOS";
			};
			name = Debug;
		};
		F4449F5621225F8600EB0600 /* Release */ = {
			isa = XCBuildConfiguration;
			baseConfigurationReference = AA36150C59EF71B54F12A48B /* Pods-PersonsControl-IOSTests.release.xcconfig */;
			buildSettings = {
				ALWAYS_EMBED_SWIFT_STANDARD_LIBRARIES = YES;
				BUNDLE_LOADER = "$(TEST_HOST)";
				CODE_SIGN_STYLE = Automatic;
				DEVELOPMENT_TEAM = VRTL65JL49;
				INFOPLIST_FILE = "PersonsControl-IOSTests/Info.plist";
				LD_RUNPATH_SEARCH_PATHS = (
					"$(inherited)",
					"@executable_path/Frameworks",
					"@loader_path/Frameworks",
				);
				PRODUCT_BUNDLE_IDENTIFIER = "DiphlomaProject.PersonsControl-IOSTests";
				PRODUCT_NAME = "$(TARGET_NAME)";
				SWIFT_VERSION = 4.0;
				TARGETED_DEVICE_FAMILY = "1,2";
				TEST_HOST = "$(BUILT_PRODUCTS_DIR)/PersonsControl-IOS.app/PersonsControl-IOS";
			};
			name = Release;
		};
		F4449F5821225F8600EB0600 /* Debug */ = {
			isa = XCBuildConfiguration;
			baseConfigurationReference = 0CC3B640E4F5DDD44106D546 /* Pods-PersonsControl-IOSUITests.debug.xcconfig */;
			buildSettings = {
				ALWAYS_EMBED_SWIFT_STANDARD_LIBRARIES = YES;
				CODE_SIGN_STYLE = Automatic;
				DEVELOPMENT_TEAM = VRTL65JL49;
				INFOPLIST_FILE = "PersonsControl-IOSUITests/Info.plist";
				LD_RUNPATH_SEARCH_PATHS = (
					"$(inherited)",
					"@executable_path/Frameworks",
					"@loader_path/Frameworks",
				);
				PRODUCT_BUNDLE_IDENTIFIER = "DiphlomaProject.PersonsControl-IOSUITests";
				PRODUCT_NAME = "$(TARGET_NAME)";
				SWIFT_VERSION = 4.0;
				TARGETED_DEVICE_FAMILY = "1,2";
				TEST_TARGET_NAME = "PersonsControl-IOS";
			};
			name = Debug;
		};
		F4449F5921225F8600EB0600 /* Release */ = {
			isa = XCBuildConfiguration;
			baseConfigurationReference = A61AF8B7DA6725DE52BF74E9 /* Pods-PersonsControl-IOSUITests.release.xcconfig */;
			buildSettings = {
				ALWAYS_EMBED_SWIFT_STANDARD_LIBRARIES = YES;
				CODE_SIGN_STYLE = Automatic;
				DEVELOPMENT_TEAM = VRTL65JL49;
				INFOPLIST_FILE = "PersonsControl-IOSUITests/Info.plist";
				LD_RUNPATH_SEARCH_PATHS = (
					"$(inherited)",
					"@executable_path/Frameworks",
					"@loader_path/Frameworks",
				);
				PRODUCT_BUNDLE_IDENTIFIER = "DiphlomaProject.PersonsControl-IOSUITests";
				PRODUCT_NAME = "$(TARGET_NAME)";
				SWIFT_VERSION = 4.0;
				TARGETED_DEVICE_FAMILY = "1,2";
				TEST_TARGET_NAME = "PersonsControl-IOS";
			};
			name = Release;
		};
/* End XCBuildConfiguration section */

/* Begin XCConfigurationList section */
		F4449F2121225F8300EB0600 /* Build configuration list for PBXProject "PersonsControl-IOS" */ = {
			isa = XCConfigurationList;
			buildConfigurations = (
				F4449F4F21225F8600EB0600 /* Debug */,
				F4449F5021225F8600EB0600 /* Release */,
			);
			defaultConfigurationIsVisible = 0;
			defaultConfigurationName = Release;
		};
		F4449F5121225F8600EB0600 /* Build configuration list for PBXNativeTarget "PersonsControl-IOS" */ = {
			isa = XCConfigurationList;
			buildConfigurations = (
				F4449F5221225F8600EB0600 /* Debug */,
				F4449F5321225F8600EB0600 /* Release */,
			);
			defaultConfigurationIsVisible = 0;
			defaultConfigurationName = Release;
		};
		F4449F5421225F8600EB0600 /* Build configuration list for PBXNativeTarget "PersonsControl-IOSTests" */ = {
			isa = XCConfigurationList;
			buildConfigurations = (
				F4449F5521225F8600EB0600 /* Debug */,
				F4449F5621225F8600EB0600 /* Release */,
			);
			defaultConfigurationIsVisible = 0;
			defaultConfigurationName = Release;
		};
		F4449F5721225F8600EB0600 /* Build configuration list for PBXNativeTarget "PersonsControl-IOSUITests" */ = {
			isa = XCConfigurationList;
			buildConfigurations = (
				F4449F5821225F8600EB0600 /* Debug */,
				F4449F5921225F8600EB0600 /* Release */,
			);
			defaultConfigurationIsVisible = 0;
			defaultConfigurationName = Release;
		};
/* End XCConfigurationList section */

/* Begin XCVersionGroup section */
		F4449F3021225F8300EB0600 /* PersonsControl_IOS.xcdatamodeld */ = {
			isa = XCVersionGroup;
			children = (
				F4449F3121225F8300EB0600 /* PersonsControl_IOS.xcdatamodel */,
			);
			currentVersion = F4449F3121225F8300EB0600 /* PersonsControl_IOS.xcdatamodel */;
			path = PersonsControl_IOS.xcdatamodeld;
			sourceTree = "<group>";
			versionGroupType = wrapper.xcdatamodel;
		};
/* End XCVersionGroup section */
	};
	rootObject = F4449F1E21225F8300EB0600 /* Project object */;
}
